
Microsoft Visual Studio Solution File, Format Version 12.00
# Visual Studio Version 16
VisualStudioVersion = 16.0.33927.289
MinimumVisualStudioVersion = 10.0.40219.1
Project("{2150E333-8FDC-42A3-9474-1A3956D46DE8}") = "Task0", "Task0", "{8E4F89C1-9187-4A5E-A1D0-080188866761}"
EndProject
Project("{FAE04EC0-301F-11D3-BF4B-00C04F79EFBC}") = "Tyuiu.GofmanDV.Sprint2.Task0.V16", "Tyuiu.GofmanDV.Sprint2.Task0.V16\Tyuiu.GofmanDV.Sprint2.Task0.V16.csproj", "{E5F28030-2B74-49BC-8774-B183DE6CC652}"
EndProject
Project("{FAE04EC0-301F-11D3-BF4B-00C04F79EFBC}") = "Tyuiu.GofmanDV.Sprint2.Task0.V16.Lib", "Tyuiu.GofmanDV.Sprint2.Task0.V16.Lib\Tyuiu.GofmanDV.Sprint2.Task0.V16.Lib.csproj", "{CF6FAFD5-23CA-4BB3-97FC-48674F58D30D}"
EndProject
Project("{FAE04EC0-301F-11D3-BF4B-00C04F79EFBC}") = "Tyuiu.GofmanDV.Sprint2.Task0.V16.Test", "Tyuiu.GofmanDV.Sprint2.Task0.V16.Test\Tyuiu.GofmanDV.Sprint2.Task0.V16.Test.csproj", "{BCCE20F6-94FC-4451-9E99-3FF73D608227}"
EndProject
Project("{2150E333-8FDC-42A3-9474-1A3956D46DE8}") = "Task1", "Task1", "{6A6D394C-31AF-43BD-BC83-7A075CA067FC}"
EndProject
Project("{FAE04EC0-301F-11D3-BF4B-00C04F79EFBC}") = "Tyuiu.GofmanDV.Sprint2.Task1.V6", "Tyuiu.GofmanDV.Sprint2.Task1.V6\Tyuiu.GofmanDV.Sprint2.Task1.V6.csproj", "{B48AE5FD-177D-4CF7-A6F7-5A85CCA3A640}"
EndProject
Project("{FAE04EC0-301F-11D3-BF4B-00C04F79EFBC}") = "Tyuiu.GofmanDV.Sprint2.Task1.V6.Lib", "Tyuiu.GofmanDV.Sprint2.Task1.V6.Lib\Tyuiu.GofmanDV.Sprint2.Task1.V6.Lib.csproj", "{645B29DD-B80D-47ED-8E32-AC5EC9B2F918}"
EndProject
Project("{FAE04EC0-301F-11D3-BF4B-00C04F79EFBC}") = "Tyuiu.GofmanDV.Sprint2.Task1.V6.Test", "Tyuiu.GofmanDV.Sprint2.Task1.V6.Test\Tyuiu.GofmanDV.Sprint2.Task1.V6.Test.csproj", "{1F6064A3-5702-439C-8A42-402FCDC0AF10}"
EndProject
Project("{2150E333-8FDC-42A3-9474-1A3956D46DE8}") = "Task2", "Task2", "{09B1E31B-8979-4A88-A5FF-0AC1B73781FF}"
EndProject
Project("{FAE04EC0-301F-11D3-BF4B-00C04F79EFBC}") = "Tyuiu.GofmanDV.Sprint2.Task2.V30", "Tyuiu.GofmanDV.Sprint2.Task2.V30\Tyuiu.GofmanDV.Sprint2.Task2.V30.csproj", "{D9CE5FD8-D2AA-489C-88CD-181F1AB95145}"
EndProject
Project("{FAE04EC0-301F-11D3-BF4B-00C04F79EFBC}") = "Tyuiu.GofmanDV.Sprint2.Task2.V30.Test", "Tyuiu.GofmanDV.Sprint2.Task2.V30.Test\Tyuiu.GofmanDV.Sprint2.Task2.V30.Test.csproj", "{9BF4AA3A-1F61-4005-9965-ABB489C939D2}"
EndProject
Project("{FAE04EC0-301F-11D3-BF4B-00C04F79EFBC}") = "Tyuiu.GofmanDV.Sprint2.Task2.V30.Lib", "Tyuiu.GofmanDV.Sprint2.Task2.V30.Lib\Tyuiu.GofmanDV.Sprint2.Task2.V30.Lib.csproj", "{D7441388-22E9-4D5B-869D-9E1831946C60}"
EndProject
Project("{2150E333-8FDC-42A3-9474-1A3956D46DE8}") = "Task3", "Task3", "{1278B1E1-987C-42E7-B649-E389E97E8439}"
EndProject
Project("{FAE04EC0-301F-11D3-BF4B-00C04F79EFBC}") = "Tyuiu.GofmanDV.Sprint2.Task3.V11", "Tyuiu.GofmanDV.Sprint2.Task3.V11\Tyuiu.GofmanDV.Sprint2.Task3.V11.csproj", "{040CE375-BD19-442C-BFD8-EF174C21244A}"
EndProject
Project("{FAE04EC0-301F-11D3-BF4B-00C04F79EFBC}") = "Tyuiu.GofmanDV.Sprint2.Task3.V11.Test", "Tyuiu.GofmanDV.Sprint2.Task3.V11.Test\Tyuiu.GofmanDV.Sprint2.Task3.V11.Test.csproj", "{125CEF0F-D22F-41EF-A7C5-FEE5C1FB05E9}"
EndProject
Project("{FAE04EC0-301F-11D3-BF4B-00C04F79EFBC}") = "Tyuiu.GofmanDV.Sprint2.Task3.V11.Lib", "Tyuiu.GofmanDV.Sprint2.Task3.V11.Lib\Tyuiu.GofmanDV.Sprint2.Task3.V11.Lib.csproj", "{84D4FEB0-A355-4FFD-B468-7AA9B843EF00}"
EndProject
Project("{2150E333-8FDC-42A3-9474-1A3956D46DE8}") = "Task4", "Task4", "{D147110C-86BC-4971-8ADF-D3C68D35EEE6}"
EndProject
Project("{FAE04EC0-301F-11D3-BF4B-00C04F79EFBC}") = "Tyuiu.GofmanDV.Sprint2.Task4.V19", "Tyuiu.GofmanDV.Sprint2.Task4.V19\Tyuiu.GofmanDV.Sprint2.Task4.V19.csproj", "{96B301BB-7BD5-4E99-9ABE-68ED065576D3}"
EndProject
Project("{FAE04EC0-301F-11D3-BF4B-00C04F79EFBC}") = "Tyuiu.GofmanDV.Sprint2.Task4.V19.Test", "Tyuiu.GofmanDV.Sprint2.Task4.V19.Test\Tyuiu.GofmanDV.Sprint2.Task4.V19.Test.csproj", "{7C1DDD6C-40DA-4199-8CC5-E6EB4DD6108E}"
EndProject
Project("{FAE04EC0-301F-11D3-BF4B-00C04F79EFBC}") = "Tyuiu.GofmanDV.Sprint2.Task4.V19.Lib", "Tyuiu.GofmanDV.Sprint2.Task4.V19.Lib\Tyuiu.GofmanDV.Sprint2.Task4.V19.Lib.csproj", "{F55EDE64-B6C6-48EA-A7B2-24B948B2CBCD}"
EndProject
Project("{2150E333-8FDC-42A3-9474-1A3956D46DE8}") = "Task5", "Task5", "{4209FADD-6FFB-47E7-907D-0F95AA60CECB}"
EndProject
Project("{FAE04EC0-301F-11D3-BF4B-00C04F79EFBC}") = "Tyuiu.GofmanDV.Sprint2.Task5.V6", "Tyuiu.GofmanDV.Sprint2.Task5.V6\Tyuiu.GofmanDV.Sprint2.Task5.V6.csproj", "{0DD355CF-29D4-4400-A694-4F0BC0C2DCBB}"
EndProject
Project("{FAE04EC0-301F-11D3-BF4B-00C04F79EFBC}") = "Tyuiu.GofmanDV.Sprint2.Task5.V6.Test", "Tyuiu.GofmanDV.Sprint2.Task5.V6.Test\Tyuiu.GofmanDV.Sprint2.Task5.V6.Test.csproj", "{B2BA6EA8-DA0F-4C8B-8C9D-DD28A0E6E83D}"
EndProject
Project("{FAE04EC0-301F-11D3-BF4B-00C04F79EFBC}") = "Tyuiu.GofmanDV.Sprint2.Task5.V6.Lib", "Tyuiu.GofmanDV.Sprint2.Task5.V6.Lib\Tyuiu.GofmanDV.Sprint2.Task5.V6.Lib.csproj", "{8A388D87-BCEE-4AAC-B5FC-6FCDD618A9BE}"
EndProject
Project("{2150E333-8FDC-42A3-9474-1A3956D46DE8}") = "Task6", "Task6", "{30F48318-8BF5-43F5-A38D-8B7A4512852D}"
EndProject
Project("{FAE04EC0-301F-11D3-BF4B-00C04F79EFBC}") = "Tyuiu.GofmanDV.Sprint2.Task6.V12", "Tyuiu.GofmanDV.Sprint2.Task6.V12\Tyuiu.GofmanDV.Sprint2.Task6.V12.csproj", "{34DAF69D-AE4C-4D5E-B3C8-0FEEF529C540}"
EndProject
Project("{FAE04EC0-301F-11D3-BF4B-00C04F79EFBC}") = "Tyuiu.GofmanDV.Sprint2.Task6.V12.Lib", "Tyuiu.GofmanDV.Sprint2.Task6.V12.Lib\Tyuiu.GofmanDV.Sprint2.Task6.V12.Lib.csproj", "{64BF3F7F-7C76-4E66-B1E6-1D41A919361A}"
EndProject
Project("{FAE04EC0-301F-11D3-BF4B-00C04F79EFBC}") = "Tyuiu.GofmanDV.Sprint2.Task6.V12.Test", "Tyuiu.GofmanDV.Sprint2.Task6.V12.Test\Tyuiu.GofmanDV.Sprint2.Task6.V12.Test.csproj", "{35946286-9749-45BE-A000-A2491F19623D}"
EndProject
Project("{2150E333-8FDC-42A3-9474-1A3956D46DE8}") = "Task7", "Task7", "{74A8E6C3-6784-43C8-A518-4130B73FFEDD}"
EndProject
Project("{FAE04EC0-301F-11D3-BF4B-00C04F79EFBC}") = "Tyuiu.GofmanDV.Sprint2.Task7.V1", "Tyuiu.GofmanDV.Sprint2.Task7.V1\Tyuiu.GofmanDV.Sprint2.Task7.V1.csproj", "{4F2EED97-4304-4F06-A65B-6AA814AA0314}"
EndProject
Project("{FAE04EC0-301F-11D3-BF4B-00C04F79EFBC}") = "Tyuiu.GofmanDV.Sprint2.Task7.V1.Lib", "Tyuiu.GofmanDV.Sprint2.Task7.V1.Lib\Tyuiu.GofmanDV.Sprint2.Task7.V1.Lib.csproj", "{DF2C80DD-08E2-4FD3-8794-6B9E0D2CCA73}"
EndProject
Project("{FAE04EC0-301F-11D3-BF4B-00C04F79EFBC}") = "Tyuiu.GofmanDV.Sprint2.Task7.V1.Test", "Tyuiu.GofmanDV.Sprint2.Task7.V1.Test\Tyuiu.GofmanDV.Sprint2.Task7.V1.Test.csproj", "{784CFB4C-7E82-45CD-B53C-A561D04B5EF5}"
EndProject
Global
	GlobalSection(SolutionConfigurationPlatforms) = preSolution
		Debug|Any CPU = Debug|Any CPU
		Release|Any CPU = Release|Any CPU
	EndGlobalSection
	GlobalSection(ProjectConfigurationPlatforms) = postSolution
		{E5F28030-2B74-49BC-8774-B183DE6CC652}.Debug|Any CPU.ActiveCfg = Debug|Any CPU
		{E5F28030-2B74-49BC-8774-B183DE6CC652}.Debug|Any CPU.Build.0 = Debug|Any CPU
		{E5F28030-2B74-49BC-8774-B183DE6CC652}.Release|Any CPU.ActiveCfg = Release|Any CPU
		{E5F28030-2B74-49BC-8774-B183DE6CC652}.Release|Any CPU.Build.0 = Release|Any CPU
		{CF6FAFD5-23CA-4BB3-97FC-48674F58D30D}.Debug|Any CPU.ActiveCfg = Debug|Any CPU
		{CF6FAFD5-23CA-4BB3-97FC-48674F58D30D}.Debug|Any CPU.Build.0 = Debug|Any CPU
		{CF6FAFD5-23CA-4BB3-97FC-48674F58D30D}.Release|Any CPU.ActiveCfg = Release|Any CPU
		{CF6FAFD5-23CA-4BB3-97FC-48674F58D30D}.Release|Any CPU.Build.0 = Release|Any CPU
		{BCCE20F6-94FC-4451-9E99-3FF73D608227}.Debug|Any CPU.ActiveCfg = Debug|Any CPU
		{BCCE20F6-94FC-4451-9E99-3FF73D608227}.Debug|Any CPU.Build.0 = Debug|Any CPU
		{BCCE20F6-94FC-4451-9E99-3FF73D608227}.Release|Any CPU.ActiveCfg = Release|Any CPU
		{BCCE20F6-94FC-4451-9E99-3FF73D608227}.Release|Any CPU.Build.0 = Release|Any CPU
		{B48AE5FD-177D-4CF7-A6F7-5A85CCA3A640}.Debug|Any CPU.ActiveCfg = Debug|Any CPU
		{B48AE5FD-177D-4CF7-A6F7-5A85CCA3A640}.Debug|Any CPU.Build.0 = Debug|Any CPU
		{B48AE5FD-177D-4CF7-A6F7-5A85CCA3A640}.Release|Any CPU.ActiveCfg = Release|Any CPU
		{B48AE5FD-177D-4CF7-A6F7-5A85CCA3A640}.Release|Any CPU.Build.0 = Release|Any CPU
		{645B29DD-B80D-47ED-8E32-AC5EC9B2F918}.Debug|Any CPU.ActiveCfg = Debug|Any CPU
		{645B29DD-B80D-47ED-8E32-AC5EC9B2F918}.Debug|Any CPU.Build.0 = Debug|Any CPU
		{645B29DD-B80D-47ED-8E32-AC5EC9B2F918}.Release|Any CPU.ActiveCfg = Release|Any CPU
		{645B29DD-B80D-47ED-8E32-AC5EC9B2F918}.Release|Any CPU.Build.0 = Release|Any CPU
		{1F6064A3-5702-439C-8A42-402FCDC0AF10}.Debug|Any CPU.ActiveCfg = Debug|Any CPU
		{1F6064A3-5702-439C-8A42-402FCDC0AF10}.Debug|Any CPU.Build.0 = Debug|Any CPU
		{1F6064A3-5702-439C-8A42-402FCDC0AF10}.Release|Any CPU.ActiveCfg = Release|Any CPU
		{1F6064A3-5702-439C-8A42-402FCDC0AF10}.Release|Any CPU.Build.0 = Release|Any CPU
		{D9CE5FD8-D2AA-489C-88CD-181F1AB95145}.Debug|Any CPU.ActiveCfg = Debug|Any CPU
		{D9CE5FD8-D2AA-489C-88CD-181F1AB95145}.Debug|Any CPU.Build.0 = Debug|Any CPU
		{D9CE5FD8-D2AA-489C-88CD-181F1AB95145}.Release|Any CPU.ActiveCfg = Release|Any CPU
		{D9CE5FD8-D2AA-489C-88CD-181F1AB95145}.Release|Any CPU.Build.0 = Release|Any CPU
		{9BF4AA3A-1F61-4005-9965-ABB489C939D2}.Debug|Any CPU.ActiveCfg = Debug|Any CPU
		{9BF4AA3A-1F61-4005-9965-ABB489C939D2}.Debug|Any CPU.Build.0 = Debug|Any CPU
		{9BF4AA3A-1F61-4005-9965-ABB489C939D2}.Release|Any CPU.ActiveCfg = Release|Any CPU
		{9BF4AA3A-1F61-4005-9965-ABB489C939D2}.Release|Any CPU.Build.0 = Release|Any CPU
		{D7441388-22E9-4D5B-869D-9E1831946C60}.Debug|Any CPU.ActiveCfg = Debug|Any CPU
		{D7441388-22E9-4D5B-869D-9E1831946C60}.Debug|Any CPU.Build.0 = Debug|Any CPU
		{D7441388-22E9-4D5B-869D-9E1831946C60}.Release|Any CPU.ActiveCfg = Release|Any CPU
		{D7441388-22E9-4D5B-869D-9E1831946C60}.Release|Any CPU.Build.0 = Release|Any CPU
		{040CE375-BD19-442C-BFD8-EF174C21244A}.Debug|Any CPU.ActiveCfg = Debug|Any CPU
		{040CE375-BD19-442C-BFD8-EF174C21244A}.Debug|Any CPU.Build.0 = Debug|Any CPU
		{040CE375-BD19-442C-BFD8-EF174C21244A}.Release|Any CPU.ActiveCfg = Release|Any CPU
		{040CE375-BD19-442C-BFD8-EF174C21244A}.Release|Any CPU.Build.0 = Release|Any CPU
		{125CEF0F-D22F-41EF-A7C5-FEE5C1FB05E9}.Debug|Any CPU.ActiveCfg = Debug|Any CPU
		{125CEF0F-D22F-41EF-A7C5-FEE5C1FB05E9}.Debug|Any CPU.Build.0 = Debug|Any CPU
		{125CEF0F-D22F-41EF-A7C5-FEE5C1FB05E9}.Release|Any CPU.ActiveCfg = Release|Any CPU
		{125CEF0F-D22F-41EF-A7C5-FEE5C1FB05E9}.Release|Any CPU.Build.0 = Release|Any CPU
		{84D4FEB0-A355-4FFD-B468-7AA9B843EF00}.Debug|Any CPU.ActiveCfg = Debug|Any CPU
		{84D4FEB0-A355-4FFD-B468-7AA9B843EF00}.Debug|Any CPU.Build.0 = Debug|Any CPU
		{84D4FEB0-A355-4FFD-B468-7AA9B843EF00}.Release|Any CPU.ActiveCfg = Release|Any CPU
		{84D4FEB0-A355-4FFD-B468-7AA9B843EF00}.Release|Any CPU.Build.0 = Release|Any CPU
		{96B301BB-7BD5-4E99-9ABE-68ED065576D3}.Debug|Any CPU.ActiveCfg = Debug|Any CPU
		{96B301BB-7BD5-4E99-9ABE-68ED065576D3}.Debug|Any CPU.Build.0 = Debug|Any CPU
		{96B301BB-7BD5-4E99-9ABE-68ED065576D3}.Release|Any CPU.ActiveCfg = Release|Any CPU
		{96B301BB-7BD5-4E99-9ABE-68ED065576D3}.Release|Any CPU.Build.0 = Release|Any CPU
		{7C1DDD6C-40DA-4199-8CC5-E6EB4DD6108E}.Debug|Any CPU.ActiveCfg = Debug|Any CPU
		{7C1DDD6C-40DA-4199-8CC5-E6EB4DD6108E}.Debug|Any CPU.Build.0 = Debug|Any CPU
		{7C1DDD6C-40DA-4199-8CC5-E6EB4DD6108E}.Release|Any CPU.ActiveCfg = Release|Any CPU
		{7C1DDD6C-40DA-4199-8CC5-E6EB4DD6108E}.Release|Any CPU.Build.0 = Release|Any CPU
		{F55EDE64-B6C6-48EA-A7B2-24B948B2CBCD}.Debug|Any CPU.ActiveCfg = Debug|Any CPU
		{F55EDE64-B6C6-48EA-A7B2-24B948B2CBCD}.Debug|Any CPU.Build.0 = Debug|Any CPU
		{F55EDE64-B6C6-48EA-A7B2-24B948B2CBCD}.Release|Any CPU.ActiveCfg = Release|Any CPU
		{F55EDE64-B6C6-48EA-A7B2-24B948B2CBCD}.Release|Any CPU.Build.0 = Release|Any CPU
		{0DD355CF-29D4-4400-A694-4F0BC0C2DCBB}.Debug|Any CPU.ActiveCfg = Debug|Any CPU
		{0DD355CF-29D4-4400-A694-4F0BC0C2DCBB}.Debug|Any CPU.Build.0 = Debug|Any CPU
		{0DD355CF-29D4-4400-A694-4F0BC0C2DCBB}.Release|Any CPU.ActiveCfg = Release|Any CPU
		{0DD355CF-29D4-4400-A694-4F0BC0C2DCBB}.Release|Any CPU.Build.0 = Release|Any CPU
		{B2BA6EA8-DA0F-4C8B-8C9D-DD28A0E6E83D}.Debug|Any CPU.ActiveCfg = Debug|Any CPU
		{B2BA6EA8-DA0F-4C8B-8C9D-DD28A0E6E83D}.Debug|Any CPU.Build.0 = Debug|Any CPU
		{B2BA6EA8-DA0F-4C8B-8C9D-DD28A0E6E83D}.Release|Any CPU.ActiveCfg = Release|Any CPU
		{B2BA6EA8-DA0F-4C8B-8C9D-DD28A0E6E83D}.Release|Any CPU.Build.0 = Release|Any CPU
		{8A388D87-BCEE-4AAC-B5FC-6FCDD618A9BE}.Debug|Any CPU.ActiveCfg = Debug|Any CPU
		{8A388D87-BCEE-4AAC-B5FC-6FCDD618A9BE}.Debug|Any CPU.Build.0 = Debug|Any CPU
		{8A388D87-BCEE-4AAC-B5FC-6FCDD618A9BE}.Release|Any CPU.ActiveCfg = Release|Any CPU
		{8A388D87-BCEE-4AAC-B5FC-6FCDD618A9BE}.Release|Any CPU.Build.0 = Release|Any CPU
		{34DAF69D-AE4C-4D5E-B3C8-0FEEF529C540}.Debug|Any CPU.ActiveCfg = Debug|Any CPU
		{34DAF69D-AE4C-4D5E-B3C8-0FEEF529C540}.Debug|Any CPU.Build.0 = Debug|Any CPU
		{34DAF69D-AE4C-4D5E-B3C8-0FEEF529C540}.Release|Any CPU.ActiveCfg = Release|Any CPU
		{34DAF69D-AE4C-4D5E-B3C8-0FEEF529C540}.Release|Any CPU.Build.0 = Release|Any CPU
		{64BF3F7F-7C76-4E66-B1E6-1D41A919361A}.Debug|Any CPU.ActiveCfg = Debug|Any CPU
		{64BF3F7F-7C76-4E66-B1E6-1D41A919361A}.Debug|Any CPU.Build.0 = Debug|Any CPU
		{64BF3F7F-7C76-4E66-B1E6-1D41A919361A}.Release|Any CPU.ActiveCfg = Release|Any CPU
		{64BF3F7F-7C76-4E66-B1E6-1D41A919361A}.Release|Any CPU.Build.0 = Release|Any CPU
		{35946286-9749-45BE-A000-A2491F19623D}.Debug|Any CPU.ActiveCfg = Debug|Any CPU
		{35946286-9749-45BE-A000-A2491F19623D}.Debug|Any CPU.Build.0 = Debug|Any CPU
		{35946286-9749-45BE-A000-A2491F19623D}.Release|Any CPU.ActiveCfg = Release|Any CPU
		{35946286-9749-45BE-A000-A2491F19623D}.Release|Any CPU.Build.0 = Release|Any CPU
		{4F2EED97-4304-4F06-A65B-6AA814AA0314}.Debug|Any CPU.ActiveCfg = Debug|Any CPU
		{4F2EED97-4304-4F06-A65B-6AA814AA0314}.Debug|Any CPU.Build.0 = Debug|Any CPU
		{4F2EED97-4304-4F06-A65B-6AA814AA0314}.Release|Any CPU.ActiveCfg = Release|Any CPU
		{4F2EED97-4304-4F06-A65B-6AA814AA0314}.Release|Any CPU.Build.0 = Release|Any CPU
		{DF2C80DD-08E2-4FD3-8794-6B9E0D2CCA73}.Debug|Any CPU.ActiveCfg = Debug|Any CPU
		{DF2C80DD-08E2-4FD3-8794-6B9E0D2CCA73}.Debug|Any CPU.Build.0 = Debug|Any CPU
		{DF2C80DD-08E2-4FD3-8794-6B9E0D2CCA73}.Release|Any CPU.ActiveCfg = Release|Any CPU
		{DF2C80DD-08E2-4FD3-8794-6B9E0D2CCA73}.Release|Any CPU.Build.0 = Release|Any CPU
		{784CFB4C-7E82-45CD-B53C-A561D04B5EF5}.Debug|Any CPU.ActiveCfg = Debug|Any CPU
		{784CFB4C-7E82-45CD-B53C-A561D04B5EF5}.Debug|Any CPU.Build.0 = Debug|Any CPU
		{784CFB4C-7E82-45CD-B53C-A561D04B5EF5}.Release|Any CPU.ActiveCfg = Release|Any CPU
		{784CFB4C-7E82-45CD-B53C-A561D04B5EF5}.Release|Any CPU.Build.0 = Release|Any CPU
	EndGlobalSection
	GlobalSection(SolutionProperties) = preSolution
		HideSolutionNode = FALSE
	EndGlobalSection
	GlobalSection(NestedProjects) = preSolution
		{E5F28030-2B74-49BC-8774-B183DE6CC652} = {8E4F89C1-9187-4A5E-A1D0-080188866761}
		{CF6FAFD5-23CA-4BB3-97FC-48674F58D30D} = {8E4F89C1-9187-4A5E-A1D0-080188866761}
		{BCCE20F6-94FC-4451-9E99-3FF73D608227} = {8E4F89C1-9187-4A5E-A1D0-080188866761}
		{B48AE5FD-177D-4CF7-A6F7-5A85CCA3A640} = {6A6D394C-31AF-43BD-BC83-7A075CA067FC}
		{645B29DD-B80D-47ED-8E32-AC5EC9B2F918} = {6A6D394C-31AF-43BD-BC83-7A075CA067FC}
		{1F6064A3-5702-439C-8A42-402FCDC0AF10} = {6A6D394C-31AF-43BD-BC83-7A075CA067FC}
		{D9CE5FD8-D2AA-489C-88CD-181F1AB95145} = {09B1E31B-8979-4A88-A5FF-0AC1B73781FF}
		{9BF4AA3A-1F61-4005-9965-ABB489C939D2} = {09B1E31B-8979-4A88-A5FF-0AC1B73781FF}
		{D7441388-22E9-4D5B-869D-9E1831946C60} = {09B1E31B-8979-4A88-A5FF-0AC1B73781FF}
		{040CE375-BD19-442C-BFD8-EF174C21244A} = {1278B1E1-987C-42E7-B649-E389E97E8439}
		{125CEF0F-D22F-41EF-A7C5-FEE5C1FB05E9} = {1278B1E1-987C-42E7-B649-E389E97E8439}
		{84D4FEB0-A355-4FFD-B468-7AA9B843EF00} = {1278B1E1-987C-42E7-B649-E389E97E8439}
		{96B301BB-7BD5-4E99-9ABE-68ED065576D3} = {D147110C-86BC-4971-8ADF-D3C68D35EEE6}
		{7C1DDD6C-40DA-4199-8CC5-E6EB4DD6108E} = {D147110C-86BC-4971-8ADF-D3C68D35EEE6}
		{F55EDE64-B6C6-48EA-A7B2-24B948B2CBCD} = {D147110C-86BC-4971-8ADF-D3C68D35EEE6}
		{0DD355CF-29D4-4400-A694-4F0BC0C2DCBB} = {4209FADD-6FFB-47E7-907D-0F95AA60CECB}
		{B2BA6EA8-DA0F-4C8B-8C9D-DD28A0E6E83D} = {4209FADD-6FFB-47E7-907D-0F95AA60CECB}
		{8A388D87-BCEE-4AAC-B5FC-6FCDD618A9BE} = {4209FADD-6FFB-47E7-907D-0F95AA60CECB}
		{34DAF69D-AE4C-4D5E-B3C8-0FEEF529C540} = {30F48318-8BF5-43F5-A38D-8B7A4512852D}
		{64BF3F7F-7C76-4E66-B1E6-1D41A919361A} = {30F48318-8BF5-43F5-A38D-8B7A4512852D}
		{35946286-9749-45BE-A000-A2491F19623D} = {30F48318-8BF5-43F5-A38D-8B7A4512852D}
		{4F2EED97-4304-4F06-A65B-6AA814AA0314} = {74A8E6C3-6784-43C8-A518-4130B73FFEDD}
		{DF2C80DD-08E2-4FD3-8794-6B9E0D2CCA73} = {74A8E6C3-6784-43C8-A518-4130B73FFEDD}
		{784CFB4C-7E82-45CD-B53C-A561D04B5EF5} = {74A8E6C3-6784-43C8-A518-4130B73FFEDD}
	EndGlobalSection
	GlobalSection(ExtensibilityGlobals) = postSolution
		SolutionGuid = {B42B2D1B-6210-4394-97F1-984582797CA0}
	EndGlobalSection
EndGlobal
