
Microsoft Visual Studio Solution File, Format Version 12.00
# Visual Studio Version 16
VisualStudioVersion = 16.0.33927.289
MinimumVisualStudioVersion = 10.0.40219.1
Project("{2150E333-8FDC-42A3-9474-1A3956D46DE8}") = "Task0", "Task0", "{8E4F89C1-9187-4A5E-A1D0-080188866761}"
EndProject
Project("{FAE04EC0-301F-11D3-BF4B-00C04F79EFBC}") = "Tyuiu.GofmanDV.Sprint2.Task0.V16", "Tyuiu.GofmanDV.Sprint2.Task0.V16\Tyuiu.GofmanDV.Sprint2.Task0.V16.csproj", "{E5F28030-2B74-49BC-8774-B183DE6CC652}"
EndProject
Project("{FAE04EC0-301F-11D3-BF4B-00C04F79EFBC}") = "Tyuiu.GofmanDV.Sprint2.Task0.V16.Lib", "Tyuiu.GofmanDV.Sprint2.Task0.V16.Lib\Tyuiu.GofmanDV.Sprint2.Task0.V16.Lib.csproj", "{CF6FAFD5-23CA-4BB3-97FC-48674F58D30D}"
EndProject
Project("{FAE04EC0-301F-11D3-BF4B-00C04F79EFBC}") = "Tyuiu.GofmanDV.Sprint2.Task0.V16.Test", "Tyuiu.GofmanDV.Sprint2.Task0.V16.Test\Tyuiu.GofmanDV.Sprint2.Task0.V16.Test.csproj", "{BCCE20F6-94FC-4451-9E99-3FF73D608227}"
EndProject
Project("{2150E333-8FDC-42A3-9474-1A3956D46DE8}") = "Task1", "Task1", "{6A6D394C-31AF-43BD-BC83-7A075CA067FC}"
EndProject
Project("{FAE04EC0-301F-11D3-BF4B-00C04F79EFBC}") = "Tyuiu.GofmanDV.Sprint2.Task1.V6", "Tyuiu.GofmanDV.Sprint2.Task1.V6\Tyuiu.GofmanDV.Sprint2.Task1.V6.csproj", "{B48AE5FD-177D-4CF7-A6F7-5A85CCA3A640}"
EndProject
Project("{FAE04EC0-301F-11D3-BF4B-00C04F79EFBC}") = "Tyuiu.GofmanDV.Sprint2.Task1.V6.Lib", "Tyuiu.GofmanDV.Sprint2.Task1.V6.Lib\Tyuiu.GofmanDV.Sprint2.Task1.V6.Lib.csproj", "{645B29DD-B80D-47ED-8E32-AC5EC9B2F918}"
EndProject
Project("{FAE04EC0-301F-11D3-BF4B-00C04F79EFBC}") = "Tyuiu.GofmanDV.Sprint2.Task1.V6.Test", "Tyuiu.GofmanDV.Sprint2.Task1.V6.Test\Tyuiu.GofmanDV.Sprint2.Task1.V6.Test.csproj", "{1F6064A3-5702-439C-8A42-402FCDC0AF10}"
EndProject
Project("{2150E333-8FDC-42A3-9474-1A3956D46DE8}") = "Task2", "Task2", "{09B1E31B-8979-4A88-A5FF-0AC1B73781FF}"
EndProject
Project("{FAE04EC0-301F-11D3-BF4B-00C04F79EFBC}") = "Tyuiu.GofmanDV.Sprint2.Task2.V30", "Tyuiu.GofmanDV.Sprint2.Task2.V30\Tyuiu.GofmanDV.Sprint2.Task2.V30.csproj", "{D9CE5FD8-D2AA-489C-88CD-181F1AB95145}"
EndProject
Project("{FAE04EC0-301F-11D3-BF4B-00C04F79EFBC}") = "Tyuiu.GofmanDV.Sprint2.Task2.V30.Test", "Tyuiu.GofmanDV.Sprint2.Task2.V30.Test\Tyuiu.GofmanDV.Sprint2.Task2.V30.Test.csproj", "{9BF4AA3A-1F61-4005-9965-ABB489C939D2}"
EndProject
Project("{FAE04EC0-301F-11D3-BF4B-00C04F79EFBC}") = "Tyuiu.GofmanDV.Sprint2.Task2.V30.Lib", "Tyuiu.GofmanDV.Sprint2.Task2.V30.Lib\Tyuiu.GofmanDV.Sprint2.Task2.V30.Lib.csproj", "{D7441388-22E9-4D5B-869D-9E1831946C60}"
EndProject
Project("{2150E333-8FDC-42A3-9474-1A3956D46DE8}") = "Task3", "Task3", "{1278B1E1-987C-42E7-B649-E389E97E8439}"
EndProject
Project("{FAE04EC0-301F-11D3-BF4B-00C04F79EFBC}") = "Tyuiu.GofmanDV.Sprint2.Task3.V11", "Tyuiu.GofmanDV.Sprint2.Task3.V11\Tyuiu.GofmanDV.Sprint2.Task3.V11.csproj", "{040CE375-BD19-442C-BFD8-EF174C21244A}"
EndProject
Project("{FAE04EC0-301F-11D3-BF4B-00C04F79EFBC}") = "Tyuiu.GofmanDV.Sprint2.Task3.V11.Test", "Tyuiu.GofmanDV.Sprint2.Task3.V11.Test\Tyuiu.GofmanDV.Sprint2.Task3.V11.Test.csproj", "{125CEF0F-D22F-41EF-A7C5-FEE5C1FB05E9}"
EndProject
Project("{FAE04EC0-301F-11D3-BF4B-00C04F79EFBC}") = "Tyuiu.GofmanDV.Sprint2.Task3.V11.Lib", "Tyuiu.GofmanDV.Sprint2.Task3.V11.Lib\Tyuiu.GofmanDV.Sprint2.Task3.V11.Lib.csproj", "{84D4FEB0-A355-4FFD-B468-7AA9B843EF00}"
EndProject
Global
	GlobalSection(SolutionConfigurationPlatforms) = preSolution
		Debug|Any CPU = Debug|Any CPU
		Release|Any CPU = Release|Any CPU
	EndGlobalSection
	GlobalSection(ProjectConfigurationPlatforms) = postSolution
		{E5F28030-2B74-49BC-8774-B183DE6CC652}.Debug|Any CPU.ActiveCfg = Debug|Any CPU
		{E5F28030-2B74-49BC-8774-B183DE6CC652}.Debug|Any CPU.Build.0 = Debug|Any CPU
		{E5F28030-2B74-49BC-8774-B183DE6CC652}.Release|Any CPU.ActiveCfg = Release|Any CPU
		{E5F28030-2B74-49BC-8774-B183DE6CC652}.Release|Any CPU.Build.0 = Release|Any CPU
		{CF6FAFD5-23CA-4BB3-97FC-48674F58D30D}.Debug|Any CPU.ActiveCfg = Debug|Any CPU
		{CF6FAFD5-23CA-4BB3-97FC-48674F58D30D}.Debug|Any CPU.Build.0 = Debug|Any CPU
		{CF6FAFD5-23CA-4BB3-97FC-48674F58D30D}.Release|Any CPU.ActiveCfg = Release|Any CPU
		{CF6FAFD5-23CA-4BB3-97FC-48674F58D30D}.Release|Any CPU.Build.0 = Release|Any CPU
		{BCCE20F6-94FC-4451-9E99-3FF73D608227}.Debug|Any CPU.ActiveCfg = Debug|Any CPU
		{BCCE20F6-94FC-4451-9E99-3FF73D608227}.Debug|Any CPU.Build.0 = Debug|Any CPU
		{BCCE20F6-94FC-4451-9E99-3FF73D608227}.Release|Any CPU.ActiveCfg = Release|Any CPU
		{BCCE20F6-94FC-4451-9E99-3FF73D608227}.Release|Any CPU.Build.0 = Release|Any CPU
		{B48AE5FD-177D-4CF7-A6F7-5A85CCA3A640}.Debug|Any CPU.ActiveCfg = Debug|Any CPU
		{B48AE5FD-177D-4CF7-A6F7-5A85CCA3A640}.Debug|Any CPU.Build.0 = Debug|Any CPU
		{B48AE5FD-177D-4CF7-A6F7-5A85CCA3A640}.Release|Any CPU.ActiveCfg = Release|Any CPU
		{B48AE5FD-177D-4CF7-A6F7-5A85CCA3A640}.Release|Any CPU.Build.0 = Release|Any CPU
		{645B29DD-B80D-47ED-8E32-AC5EC9B2F918}.Debug|Any CPU.ActiveCfg = Debug|Any CPU
		{645B29DD-B80D-47ED-8E32-AC5EC9B2F918}.Debug|Any CPU.Build.0 = Debug|Any CPU
		{645B29DD-B80D-47ED-8E32-AC5EC9B2F918}.Release|Any CPU.ActiveCfg = Release|Any CPU
		{645B29DD-B80D-47ED-8E32-AC5EC9B2F918}.Release|Any CPU.Build.0 = Release|Any CPU
		{1F6064A3-5702-439C-8A42-402FCDC0AF10}.Debug|Any CPU.ActiveCfg = Debug|Any CPU
		{1F6064A3-5702-439C-8A42-402FCDC0AF10}.Debug|Any CPU.Build.0 = Debug|Any CPU
		{1F6064A3-5702-439C-8A42-402FCDC0AF10}.Release|Any CPU.ActiveCfg = Release|Any CPU
		{1F6064A3-5702-439C-8A42-402FCDC0AF10}.Release|Any CPU.Build.0 = Release|Any CPU
		{D9CE5FD8-D2AA-489C-88CD-181F1AB95145}.Debug|Any CPU.ActiveCfg = Debug|Any CPU
		{D9CE5FD8-D2AA-489C-88CD-181F1AB95145}.Debug|Any CPU.Build.0 = Debug|Any CPU
		{D9CE5FD8-D2AA-489C-88CD-181F1AB95145}.Release|Any CPU.ActiveCfg = Release|Any CPU
		{D9CE5FD8-D2AA-489C-88CD-181F1AB95145}.Release|Any CPU.Build.0 = Release|Any CPU
		{9BF4AA3A-1F61-4005-9965-ABB489C939D2}.Debug|Any CPU.ActiveCfg = Debug|Any CPU
		{9BF4AA3A-1F61-4005-9965-ABB489C939D2}.Debug|Any CPU.Build.0 = Debug|Any CPU
		{9BF4AA3A-1F61-4005-9965-ABB489C939D2}.Release|Any CPU.ActiveCfg = Release|Any CPU
		{9BF4AA3A-1F61-4005-9965-ABB489C939D2}.Release|Any CPU.Build.0 = Release|Any CPU
		{D7441388-22E9-4D5B-869D-9E1831946C60}.Debug|Any CPU.ActiveCfg = Debug|Any CPU
		{D7441388-22E9-4D5B-869D-9E1831946C60}.Debug|Any CPU.Build.0 = Debug|Any CPU
		{D7441388-22E9-4D5B-869D-9E1831946C60}.Release|Any CPU.ActiveCfg = Release|Any CPU
		{D7441388-22E9-4D5B-869D-9E1831946C60}.Release|Any CPU.Build.0 = Release|Any CPU
		{040CE375-BD19-442C-BFD8-EF174C21244A}.Debug|Any CPU.ActiveCfg = Debug|Any CPU
		{040CE375-BD19-442C-BFD8-EF174C21244A}.Debug|Any CPU.Build.0 = Debug|Any CPU
		{040CE375-BD19-442C-BFD8-EF174C21244A}.Release|Any CPU.ActiveCfg = Release|Any CPU
		{040CE375-BD19-442C-BFD8-EF174C21244A}.Release|Any CPU.Build.0 = Release|Any CPU
		{125CEF0F-D22F-41EF-A7C5-FEE5C1FB05E9}.Debug|Any CPU.ActiveCfg = Debug|Any CPU
		{125CEF0F-D22F-41EF-A7C5-FEE5C1FB05E9}.Debug|Any CPU.Build.0 = Debug|Any CPU
		{125CEF0F-D22F-41EF-A7C5-FEE5C1FB05E9}.Release|Any CPU.ActiveCfg = Release|Any CPU
		{125CEF0F-D22F-41EF-A7C5-FEE5C1FB05E9}.Release|Any CPU.Build.0 = Release|Any CPU
		{84D4FEB0-A355-4FFD-B468-7AA9B843EF00}.Debug|Any CPU.ActiveCfg = Debug|Any CPU
		{84D4FEB0-A355-4FFD-B468-7AA9B843EF00}.Debug|Any CPU.Build.0 = Debug|Any CPU
		{84D4FEB0-A355-4FFD-B468-7AA9B843EF00}.Release|Any CPU.ActiveCfg = Release|Any CPU
		{84D4FEB0-A355-4FFD-B468-7AA9B843EF00}.Release|Any CPU.Build.0 = Release|Any CPU
	EndGlobalSection
	GlobalSection(SolutionProperties) = preSolution
		HideSolutionNode = FALSE
	EndGlobalSection
	GlobalSection(NestedProjects) = preSolution
		{E5F28030-2B74-49BC-8774-B183DE6CC652} = {8E4F89C1-9187-4A5E-A1D0-080188866761}
		{CF6FAFD5-23CA-4BB3-97FC-48674F58D30D} = {8E4F89C1-9187-4A5E-A1D0-080188866761}
		{BCCE20F6-94FC-4451-9E99-3FF73D608227} = {8E4F89C1-9187-4A5E-A1D0-080188866761}
		{B48AE5FD-177D-4CF7-A6F7-5A85CCA3A640} = {6A6D394C-31AF-43BD-BC83-7A075CA067FC}
		{645B29DD-B80D-47ED-8E32-AC5EC9B2F918} = {6A6D394C-31AF-43BD-BC83-7A075CA067FC}
		{1F6064A3-5702-439C-8A42-402FCDC0AF10} = {6A6D394C-31AF-43BD-BC83-7A075CA067FC}
		{D9CE5FD8-D2AA-489C-88CD-181F1AB95145} = {09B1E31B-8979-4A88-A5FF-0AC1B73781FF}
		{9BF4AA3A-1F61-4005-9965-ABB489C939D2} = {09B1E31B-8979-4A88-A5FF-0AC1B73781FF}
		{D7441388-22E9-4D5B-869D-9E1831946C60} = {09B1E31B-8979-4A88-A5FF-0AC1B73781FF}
		{040CE375-BD19-442C-BFD8-EF174C21244A} = {1278B1E1-987C-42E7-B649-E389E97E8439}
		{125CEF0F-D22F-41EF-A7C5-FEE5C1FB05E9} = {1278B1E1-987C-42E7-B649-E389E97E8439}
		{84D4FEB0-A355-4FFD-B468-7AA9B843EF00} = {1278B1E1-987C-42E7-B649-E389E97E8439}
	EndGlobalSection
	GlobalSection(ExtensibilityGlobals) = postSolution
		SolutionGuid = {B42B2D1B-6210-4394-97F1-984582797CA0}
	EndGlobalSection
EndGlobal
